// !$*UTF8*$!
{
	archiveVersion = 1;
	classes = {
	};
	objectVersion = 55;
	objects = {

/* Begin PBXBuildFile section */
		2228613D28801BD900F6A15F /* GridBootcamp.swift in Sources */ = {isa = PBXBuildFile; fileRef = 2228613C28801BD900F6A15F /* GridBootcamp.swift */; };
		2228613F288023E200F6A15F /* SafeAreaBootcamp.swift in Sources */ = {isa = PBXBuildFile; fileRef = 2228613E288023E200F6A15F /* SafeAreaBootcamp.swift */; };
		222861412880288100F6A15F /* ButtonBootcamp.swift in Sources */ = {isa = PBXBuildFile; fileRef = 222861402880288100F6A15F /* ButtonBootcamp.swift */; };
		2228614328802B4800F6A15F /* StateBootcamp.swift in Sources */ = {isa = PBXBuildFile; fileRef = 2228614228802B4800F6A15F /* StateBootcamp.swift */; };
		2228614528802E3100F6A15F /* ExtractedFunctionBootcamp.swift in Sources */ = {isa = PBXBuildFile; fileRef = 2228614428802E3100F6A15F /* ExtractedFunctionBootcamp.swift */; };
		222861472880309D00F6A15F /* ExtractSubviewBootcamp.swift in Sources */ = {isa = PBXBuildFile; fileRef = 222861462880309D00F6A15F /* ExtractSubviewBootcamp.swift */; };
		22429E00289BF21D00D98615 /* ColorPickerBootcamp.swift in Sources */ = {isa = PBXBuildFile; fileRef = 22429DFF289BF21D00D98615 /* ColorPickerBootcamp.swift */; };
		22429E02289BF34300D98615 /* DatePickerBootcamp.swift in Sources */ = {isa = PBXBuildFile; fileRef = 22429E01289BF34300D98615 /* DatePickerBootcamp.swift */; };
		22429E04289BF4C200D98615 /* StepperBootcamp.swift in Sources */ = {isa = PBXBuildFile; fileRef = 22429E03289BF4C200D98615 /* StepperBootcamp.swift */; };
		22429E06289BF6D000D98615 /* SliderBootcamp.swift in Sources */ = {isa = PBXBuildFile; fileRef = 22429E05289BF6D000D98615 /* SliderBootcamp.swift */; };
		2247754928805EC3002C7902 /* BindingBootcamp.swift in Sources */ = {isa = PBXBuildFile; fileRef = 2247754828805EC3002C7902 /* BindingBootcamp.swift */; };
		2247754B2880624F002C7902 /* ConditionalBootcamp.swift in Sources */ = {isa = PBXBuildFile; fileRef = 2247754A2880624F002C7902 /* ConditionalBootcamp.swift */; };
		2247754D288064B6002C7902 /* TernaryBootcamp.swift in Sources */ = {isa = PBXBuildFile; fileRef = 2247754C288064B6002C7902 /* TernaryBootcamp.swift */; };
		224816392881AF6300B1ED60 /* AnimationsBootcamp.swift in Sources */ = {isa = PBXBuildFile; fileRef = 224816382881AF6300B1ED60 /* AnimationsBootcamp.swift */; };
		224A871628882FC60067990B /* AnimationTimingBootcamp.swift in Sources */ = {isa = PBXBuildFile; fileRef = 224A871528882FC60067990B /* AnimationTimingBootcamp.swift */; };
		22844CF8289AAA2100560E36 /* TextEditorBootcamp.swift in Sources */ = {isa = PBXBuildFile; fileRef = 22844CF7289AAA2100560E36 /* TextEditorBootcamp.swift */; };
		22844CFA289AAC3200560E36 /* ToggleBootcamp.swift in Sources */ = {isa = PBXBuildFile; fileRef = 22844CF9289AAC3200560E36 /* ToggleBootcamp.swift */; };
		22844CFC289AAD5700560E36 /* PickerStylesBootcamp.swift in Sources */ = {isa = PBXBuildFile; fileRef = 22844CFB289AAD5700560E36 /* PickerStylesBootcamp.swift */; };
		229B4D1828955394003E7EA9 /* TransitionBootcamp.swift in Sources */ = {isa = PBXBuildFile; fileRef = 229B4D1728955394003E7EA9 /* TransitionBootcamp.swift */; };
		229B4D1A28955A0B003E7EA9 /* SheetsBootcamp.swift in Sources */ = {isa = PBXBuildFile; fileRef = 229B4D1928955A0B003E7EA9 /* SheetsBootcamp.swift */; };
		229B4D1C28956419003E7EA9 /* PopoverBootcamp.swift in Sources */ = {isa = PBXBuildFile; fileRef = 229B4D1B28956419003E7EA9 /* PopoverBootcamp.swift */; };
		229B4D1E28967107003E7EA9 /* NavigationViewBootcamp.swift in Sources */ = {isa = PBXBuildFile; fileRef = 229B4D1D28967107003E7EA9 /* NavigationViewBootcamp.swift */; };
		229B4D20289675E9003E7EA9 /* ListBootcamp.swift in Sources */ = {isa = PBXBuildFile; fileRef = 229B4D1F289675E9003E7EA9 /* ListBootcamp.swift */; };
		22BB04E828996703003FAFDD /* TextFieldBootcamp.swift in Sources */ = {isa = PBXBuildFile; fileRef = 22BB04E728996703003FAFDD /* TextFieldBootcamp.swift */; };
		22D1CF00287DAC2F003A900C /* GradientsBootcamp.swift in Sources */ = {isa = PBXBuildFile; fileRef = 22D1CEFF287DAC2F003A900C /* GradientsBootcamp.swift */; };
		22D1CF02287DAEF2003A900C /* IconsBootcamp.swift in Sources */ = {isa = PBXBuildFile; fileRef = 22D1CF01287DAEF2003A900C /* IconsBootcamp.swift */; };
		22D1CF04287DB1D9003A900C /* ImageBootcamp.swift in Sources */ = {isa = PBXBuildFile; fileRef = 22D1CF03287DB1D9003A900C /* ImageBootcamp.swift */; };
		22D1CF06287DB859003A900C /* FrameBootcamp.swift in Sources */ = {isa = PBXBuildFile; fileRef = 22D1CF05287DB858003A900C /* FrameBootcamp.swift */; };
		22D1CF08287DBB02003A900C /* BackgroundAndOverlayBootcamp.swift in Sources */ = {isa = PBXBuildFile; fileRef = 22D1CF07287DBB02003A900C /* BackgroundAndOverlayBootcamp.swift */; };
		22DA692C287C605200E37EF1 /* SwiftfulThinkingBootcampApp.swift in Sources */ = {isa = PBXBuildFile; fileRef = 22DA692B287C605200E37EF1 /* SwiftfulThinkingBootcampApp.swift */; };
		22DA692E287C605200E37EF1 /* ContentView.swift in Sources */ = {isa = PBXBuildFile; fileRef = 22DA692D287C605200E37EF1 /* ContentView.swift */; };
		22DA6930287C605600E37EF1 /* Assets.xcassets in Resources */ = {isa = PBXBuildFile; fileRef = 22DA692F287C605600E37EF1 /* Assets.xcassets */; };
		22DA6933287C605600E37EF1 /* Preview Assets.xcassets in Resources */ = {isa = PBXBuildFile; fileRef = 22DA6932287C605600E37EF1 /* Preview Assets.xcassets */; };
		22DA693C287C66B200E37EF1 /* TextBootcamp.swift in Sources */ = {isa = PBXBuildFile; fileRef = 22DA693B287C66B200E37EF1 /* TextBootcamp.swift */; };
		22DA693E287C6BA300E37EF1 /* ShapesBootcamp.swift in Sources */ = {isa = PBXBuildFile; fileRef = 22DA693D287C6BA300E37EF1 /* ShapesBootcamp.swift */; };
		22DA6940287C6F0E00E37EF1 /* ColorBootcamp.swift in Sources */ = {isa = PBXBuildFile; fileRef = 22DA693F287C6F0E00E37EF1 /* ColorBootcamp.swift */; };
		22E37774289814F70045D492 /* AlertBootcamp.swift in Sources */ = {isa = PBXBuildFile; fileRef = 22E37773289814F70045D492 /* AlertBootcamp.swift */; };
		22E37776289818BF0045D492 /* ActionsheetBootcamp.swift in Sources */ = {isa = PBXBuildFile; fileRef = 22E37775289818BF0045D492 /* ActionsheetBootcamp.swift */; };
		22E37778289821570045D492 /* ContextMenuBootcamp.swift in Sources */ = {isa = PBXBuildFile; fileRef = 22E37777289821570045D492 /* ContextMenuBootcamp.swift */; };
		22F8B3AF287EBC3C00283C4E /* StacksBootcamp.swift in Sources */ = {isa = PBXBuildFile; fileRef = 22F8B3AE287EBC3C00283C4E /* StacksBootcamp.swift */; };
		22F8B3B1287EC47D00283C4E /* PaddingAndSpacerBootcamp.swift in Sources */ = {isa = PBXBuildFile; fileRef = 22F8B3B0287EC47D00283C4E /* PaddingAndSpacerBootcamp.swift */; };
		22F8B3B3287ED01700283C4E /* SpacerBootcamp.swift in Sources */ = {isa = PBXBuildFile; fileRef = 22F8B3B2287ED01700283C4E /* SpacerBootcamp.swift */; };
		22F8B3B5287ED5AA00283C4E /* InitializerBootcamp.swift in Sources */ = {isa = PBXBuildFile; fileRef = 22F8B3B4287ED5AA00283C4E /* InitializerBootcamp.swift */; };
		22F8B3B7287ED8A300283C4E /* ForEachBootcamp.swift in Sources */ = {isa = PBXBuildFile; fileRef = 22F8B3B6287ED8A300283C4E /* ForEachBootcamp.swift */; };
		22F8B3B9287EDB5500283C4E /* ScrollViewBootcamp.swift in Sources */ = {isa = PBXBuildFile; fileRef = 22F8B3B8287EDB5500283C4E /* ScrollViewBootcamp.swift */; };
/* End PBXBuildFile section */

/* Begin PBXFileReference section */
		2228613C28801BD900F6A15F /* GridBootcamp.swift */ = {isa = PBXFileReference; lastKnownFileType = sourcecode.swift; path = GridBootcamp.swift; sourceTree = "<group>"; };
		2228613E288023E200F6A15F /* SafeAreaBootcamp.swift */ = {isa = PBXFileReference; lastKnownFileType = sourcecode.swift; path = SafeAreaBootcamp.swift; sourceTree = "<group>"; };
		222861402880288100F6A15F /* ButtonBootcamp.swift */ = {isa = PBXFileReference; lastKnownFileType = sourcecode.swift; path = ButtonBootcamp.swift; sourceTree = "<group>"; };
		2228614228802B4800F6A15F /* StateBootcamp.swift */ = {isa = PBXFileReference; lastKnownFileType = sourcecode.swift; path = StateBootcamp.swift; sourceTree = "<group>"; };
		2228614428802E3100F6A15F /* ExtractedFunctionBootcamp.swift */ = {isa = PBXFileReference; lastKnownFileType = sourcecode.swift; path = ExtractedFunctionBootcamp.swift; sourceTree = "<group>"; };
		222861462880309D00F6A15F /* ExtractSubviewBootcamp.swift */ = {isa = PBXFileReference; lastKnownFileType = sourcecode.swift; path = ExtractSubviewBootcamp.swift; sourceTree = "<group>"; };
		22429DFF289BF21D00D98615 /* ColorPickerBootcamp.swift */ = {isa = PBXFileReference; lastKnownFileType = sourcecode.swift; path = ColorPickerBootcamp.swift; sourceTree = "<group>"; };
		22429E01289BF34300D98615 /* DatePickerBootcamp.swift */ = {isa = PBXFileReference; lastKnownFileType = sourcecode.swift; path = DatePickerBootcamp.swift; sourceTree = "<group>"; };
		22429E03289BF4C200D98615 /* StepperBootcamp.swift */ = {isa = PBXFileReference; lastKnownFileType = sourcecode.swift; path = StepperBootcamp.swift; sourceTree = "<group>"; };
		22429E05289BF6D000D98615 /* SliderBootcamp.swift */ = {isa = PBXFileReference; lastKnownFileType = sourcecode.swift; path = SliderBootcamp.swift; sourceTree = "<group>"; };
		2247754828805EC3002C7902 /* BindingBootcamp.swift */ = {isa = PBXFileReference; lastKnownFileType = sourcecode.swift; path = BindingBootcamp.swift; sourceTree = "<group>"; };
		2247754A2880624F002C7902 /* ConditionalBootcamp.swift */ = {isa = PBXFileReference; lastKnownFileType = sourcecode.swift; path = ConditionalBootcamp.swift; sourceTree = "<group>"; };
		2247754C288064B6002C7902 /* TernaryBootcamp.swift */ = {isa = PBXFileReference; lastKnownFileType = sourcecode.swift; path = TernaryBootcamp.swift; sourceTree = "<group>"; };
		224816382881AF6300B1ED60 /* AnimationsBootcamp.swift */ = {isa = PBXFileReference; lastKnownFileType = sourcecode.swift; path = AnimationsBootcamp.swift; sourceTree = "<group>"; };
		224A871528882FC60067990B /* AnimationTimingBootcamp.swift */ = {isa = PBXFileReference; lastKnownFileType = sourcecode.swift; path = AnimationTimingBootcamp.swift; sourceTree = "<group>"; };
		22844CF7289AAA2100560E36 /* TextEditorBootcamp.swift */ = {isa = PBXFileReference; lastKnownFileType = sourcecode.swift; path = TextEditorBootcamp.swift; sourceTree = "<group>"; };
		22844CF9289AAC3200560E36 /* ToggleBootcamp.swift */ = {isa = PBXFileReference; lastKnownFileType = sourcecode.swift; path = ToggleBootcamp.swift; sourceTree = "<group>"; };
		22844CFB289AAD5700560E36 /* PickerStylesBootcamp.swift */ = {isa = PBXFileReference; lastKnownFileType = sourcecode.swift; path = PickerStylesBootcamp.swift; sourceTree = "<group>"; };
		229B4D1728955394003E7EA9 /* TransitionBootcamp.swift */ = {isa = PBXFileReference; lastKnownFileType = sourcecode.swift; path = TransitionBootcamp.swift; sourceTree = "<group>"; };
		229B4D1928955A0B003E7EA9 /* SheetsBootcamp.swift */ = {isa = PBXFileReference; lastKnownFileType = sourcecode.swift; path = SheetsBootcamp.swift; sourceTree = "<group>"; };
		229B4D1B28956419003E7EA9 /* PopoverBootcamp.swift */ = {isa = PBXFileReference; lastKnownFileType = sourcecode.swift; path = PopoverBootcamp.swift; sourceTree = "<group>"; };
		229B4D1D28967107003E7EA9 /* NavigationViewBootcamp.swift */ = {isa = PBXFileReference; lastKnownFileType = sourcecode.swift; path = NavigationViewBootcamp.swift; sourceTree = "<group>"; };
		229B4D1F289675E9003E7EA9 /* ListBootcamp.swift */ = {isa = PBXFileReference; lastKnownFileType = sourcecode.swift; path = ListBootcamp.swift; sourceTree = "<group>"; };
		22BB04E728996703003FAFDD /* TextFieldBootcamp.swift */ = {isa = PBXFileReference; lastKnownFileType = sourcecode.swift; path = TextFieldBootcamp.swift; sourceTree = "<group>"; };
		22D1CEFF287DAC2F003A900C /* GradientsBootcamp.swift */ = {isa = PBXFileReference; lastKnownFileType = sourcecode.swift; path = GradientsBootcamp.swift; sourceTree = "<group>"; };
		22D1CF01287DAEF2003A900C /* IconsBootcamp.swift */ = {isa = PBXFileReference; lastKnownFileType = sourcecode.swift; path = IconsBootcamp.swift; sourceTree = "<group>"; };
		22D1CF03287DB1D9003A900C /* ImageBootcamp.swift */ = {isa = PBXFileReference; lastKnownFileType = sourcecode.swift; path = ImageBootcamp.swift; sourceTree = "<group>"; };
		22D1CF05287DB858003A900C /* FrameBootcamp.swift */ = {isa = PBXFileReference; lastKnownFileType = sourcecode.swift; path = FrameBootcamp.swift; sourceTree = "<group>"; };
		22D1CF07287DBB02003A900C /* BackgroundAndOverlayBootcamp.swift */ = {isa = PBXFileReference; lastKnownFileType = sourcecode.swift; path = BackgroundAndOverlayBootcamp.swift; sourceTree = "<group>"; };
		22DA6928287C605200E37EF1 /* SwiftfulThinkingBootcamp.app */ = {isa = PBXFileReference; explicitFileType = wrapper.application; includeInIndex = 0; path = SwiftfulThinkingBootcamp.app; sourceTree = BUILT_PRODUCTS_DIR; };
		22DA692B287C605200E37EF1 /* SwiftfulThinkingBootcampApp.swift */ = {isa = PBXFileReference; lastKnownFileType = sourcecode.swift; path = SwiftfulThinkingBootcampApp.swift; sourceTree = "<group>"; };
		22DA692D287C605200E37EF1 /* ContentView.swift */ = {isa = PBXFileReference; lastKnownFileType = sourcecode.swift; path = ContentView.swift; sourceTree = "<group>"; };
		22DA692F287C605600E37EF1 /* Assets.xcassets */ = {isa = PBXFileReference; lastKnownFileType = folder.assetcatalog; path = Assets.xcassets; sourceTree = "<group>"; };
		22DA6932287C605600E37EF1 /* Preview Assets.xcassets */ = {isa = PBXFileReference; lastKnownFileType = folder.assetcatalog; path = "Preview Assets.xcassets"; sourceTree = "<group>"; };
		22DA693B287C66B200E37EF1 /* TextBootcamp.swift */ = {isa = PBXFileReference; lastKnownFileType = sourcecode.swift; path = TextBootcamp.swift; sourceTree = "<group>"; };
		22DA693D287C6BA300E37EF1 /* ShapesBootcamp.swift */ = {isa = PBXFileReference; lastKnownFileType = sourcecode.swift; path = ShapesBootcamp.swift; sourceTree = "<group>"; };
		22DA693F287C6F0E00E37EF1 /* ColorBootcamp.swift */ = {isa = PBXFileReference; lastKnownFileType = sourcecode.swift; path = ColorBootcamp.swift; sourceTree = "<group>"; };
		22E37773289814F70045D492 /* AlertBootcamp.swift */ = {isa = PBXFileReference; lastKnownFileType = sourcecode.swift; path = AlertBootcamp.swift; sourceTree = "<group>"; };
		22E37775289818BF0045D492 /* ActionsheetBootcamp.swift */ = {isa = PBXFileReference; lastKnownFileType = sourcecode.swift; path = ActionsheetBootcamp.swift; sourceTree = "<group>"; };
		22E37777289821570045D492 /* ContextMenuBootcamp.swift */ = {isa = PBXFileReference; lastKnownFileType = sourcecode.swift; path = ContextMenuBootcamp.swift; sourceTree = "<group>"; };
		22F8B3AE287EBC3C00283C4E /* StacksBootcamp.swift */ = {isa = PBXFileReference; lastKnownFileType = sourcecode.swift; path = StacksBootcamp.swift; sourceTree = "<group>"; };
		22F8B3B0287EC47D00283C4E /* PaddingAndSpacerBootcamp.swift */ = {isa = PBXFileReference; lastKnownFileType = sourcecode.swift; path = PaddingAndSpacerBootcamp.swift; sourceTree = "<group>"; };
		22F8B3B2287ED01700283C4E /* SpacerBootcamp.swift */ = {isa = PBXFileReference; lastKnownFileType = sourcecode.swift; path = SpacerBootcamp.swift; sourceTree = "<group>"; };
		22F8B3B4287ED5AA00283C4E /* InitializerBootcamp.swift */ = {isa = PBXFileReference; lastKnownFileType = sourcecode.swift; path = InitializerBootcamp.swift; sourceTree = "<group>"; };
		22F8B3B6287ED8A300283C4E /* ForEachBootcamp.swift */ = {isa = PBXFileReference; lastKnownFileType = sourcecode.swift; path = ForEachBootcamp.swift; sourceTree = "<group>"; };
		22F8B3B8287EDB5500283C4E /* ScrollViewBootcamp.swift */ = {isa = PBXFileReference; lastKnownFileType = sourcecode.swift; path = ScrollViewBootcamp.swift; sourceTree = "<group>"; };
/* End PBXFileReference section */

/* Begin PBXFrameworksBuildPhase section */
		22DA6925287C605200E37EF1 /* Frameworks */ = {
			isa = PBXFrameworksBuildPhase;
			buildActionMask = 2147483647;
			files = (
			);
			runOnlyForDeploymentPostprocessing = 0;
		};
/* End PBXFrameworksBuildPhase section */

/* Begin PBXGroup section */
		22DA691F287C605200E37EF1 = {
			isa = PBXGroup;
			children = (
				22DA692A287C605200E37EF1 /* SwiftfulThinkingBootcamp */,
				22DA6929287C605200E37EF1 /* Products */,
			);
			sourceTree = "<group>";
		};
		22DA6929287C605200E37EF1 /* Products */ = {
			isa = PBXGroup;
			children = (
				22DA6928287C605200E37EF1 /* SwiftfulThinkingBootcamp.app */,
			);
			name = Products;
			sourceTree = "<group>";
		};
		22DA692A287C605200E37EF1 /* SwiftfulThinkingBootcamp */ = {
			isa = PBXGroup;
			children = (
				22DA692B287C605200E37EF1 /* SwiftfulThinkingBootcampApp.swift */,
				22DA692D287C605200E37EF1 /* ContentView.swift */,
				22DA693B287C66B200E37EF1 /* TextBootcamp.swift */,
				22DA693D287C6BA300E37EF1 /* ShapesBootcamp.swift */,
				22DA693F287C6F0E00E37EF1 /* ColorBootcamp.swift */,
				22D1CEFF287DAC2F003A900C /* GradientsBootcamp.swift */,
				22D1CF01287DAEF2003A900C /* IconsBootcamp.swift */,
				22D1CF03287DB1D9003A900C /* ImageBootcamp.swift */,
				22D1CF05287DB858003A900C /* FrameBootcamp.swift */,
				22D1CF07287DBB02003A900C /* BackgroundAndOverlayBootcamp.swift */,
				22F8B3AE287EBC3C00283C4E /* StacksBootcamp.swift */,
				22F8B3B0287EC47D00283C4E /* PaddingAndSpacerBootcamp.swift */,
				22F8B3B2287ED01700283C4E /* SpacerBootcamp.swift */,
				22F8B3B4287ED5AA00283C4E /* InitializerBootcamp.swift */,
				22F8B3B6287ED8A300283C4E /* ForEachBootcamp.swift */,
				22F8B3B8287EDB5500283C4E /* ScrollViewBootcamp.swift */,
				2228613C28801BD900F6A15F /* GridBootcamp.swift */,
				2228613E288023E200F6A15F /* SafeAreaBootcamp.swift */,
				222861402880288100F6A15F /* ButtonBootcamp.swift */,
				2228614228802B4800F6A15F /* StateBootcamp.swift */,
				2228614428802E3100F6A15F /* ExtractedFunctionBootcamp.swift */,
				222861462880309D00F6A15F /* ExtractSubviewBootcamp.swift */,
				2247754828805EC3002C7902 /* BindingBootcamp.swift */,
				2247754A2880624F002C7902 /* ConditionalBootcamp.swift */,
				2247754C288064B6002C7902 /* TernaryBootcamp.swift */,
				224816382881AF6300B1ED60 /* AnimationsBootcamp.swift */,
				224A871528882FC60067990B /* AnimationTimingBootcamp.swift */,
				229B4D1728955394003E7EA9 /* TransitionBootcamp.swift */,
				229B4D1928955A0B003E7EA9 /* SheetsBootcamp.swift */,
				229B4D1B28956419003E7EA9 /* PopoverBootcamp.swift */,
				229B4D1D28967107003E7EA9 /* NavigationViewBootcamp.swift */,
				229B4D1F289675E9003E7EA9 /* ListBootcamp.swift */,
				22E37773289814F70045D492 /* AlertBootcamp.swift */,
				22E37775289818BF0045D492 /* ActionsheetBootcamp.swift */,
				22E37777289821570045D492 /* ContextMenuBootcamp.swift */,
				22BB04E728996703003FAFDD /* TextFieldBootcamp.swift */,
				22844CF7289AAA2100560E36 /* TextEditorBootcamp.swift */,
				22844CF9289AAC3200560E36 /* ToggleBootcamp.swift */,
				22844CFB289AAD5700560E36 /* PickerStylesBootcamp.swift */,
				22429DFF289BF21D00D98615 /* ColorPickerBootcamp.swift */,
				22429E01289BF34300D98615 /* DatePickerBootcamp.swift */,
				22429E03289BF4C200D98615 /* StepperBootcamp.swift */,
				22429E05289BF6D000D98615 /* SliderBootcamp.swift */,
				22DA692F287C605600E37EF1 /* Assets.xcassets */,
				22DA6931287C605600E37EF1 /* Preview Content */,
			);
			path = SwiftfulThinkingBootcamp;
			sourceTree = "<group>";
		};
		22DA6931287C605600E37EF1 /* Preview Content */ = {
			isa = PBXGroup;
			children = (
				22DA6932287C605600E37EF1 /* Preview Assets.xcassets */,
			);
			path = "Preview Content";
			sourceTree = "<group>";
		};
/* End PBXGroup section */

/* Begin PBXNativeTarget section */
		22DA6927287C605200E37EF1 /* SwiftfulThinkingBootcamp */ = {
			isa = PBXNativeTarget;
			buildConfigurationList = 22DA6936287C605600E37EF1 /* Build configuration list for PBXNativeTarget "SwiftfulThinkingBootcamp" */;
			buildPhases = (
				22DA6924287C605200E37EF1 /* Sources */,
				22DA6925287C605200E37EF1 /* Frameworks */,
				22DA6926287C605200E37EF1 /* Resources */,
			);
			buildRules = (
			);
			dependencies = (
			);
			name = SwiftfulThinkingBootcamp;
			productName = SwiftfulThinkingBootcamp;
			productReference = 22DA6928287C605200E37EF1 /* SwiftfulThinkingBootcamp.app */;
			productType = "com.apple.product-type.application";
		};
/* End PBXNativeTarget section */

/* Begin PBXProject section */
		22DA6920287C605200E37EF1 /* Project object */ = {
			isa = PBXProject;
			attributes = {
				BuildIndependentTargetsInParallel = 1;
				LastSwiftUpdateCheck = 1340;
				LastUpgradeCheck = 1340;
				TargetAttributes = {
					22DA6927287C605200E37EF1 = {
						CreatedOnToolsVersion = 13.4.1;
					};
				};
			};
			buildConfigurationList = 22DA6923287C605200E37EF1 /* Build configuration list for PBXProject "SwiftfulThinkingBootcamp" */;
			compatibilityVersion = "Xcode 13.0";
			developmentRegion = en;
			hasScannedForEncodings = 0;
			knownRegions = (
				en,
				Base,
			);
			mainGroup = 22DA691F287C605200E37EF1;
			productRefGroup = 22DA6929287C605200E37EF1 /* Products */;
			projectDirPath = "";
			projectRoot = "";
			targets = (
				22DA6927287C605200E37EF1 /* SwiftfulThinkingBootcamp */,
			);
		};
/* End PBXProject section */

/* Begin PBXResourcesBuildPhase section */
		22DA6926287C605200E37EF1 /* Resources */ = {
			isa = PBXResourcesBuildPhase;
			buildActionMask = 2147483647;
			files = (
				22DA6933287C605600E37EF1 /* Preview Assets.xcassets in Resources */,
				22DA6930287C605600E37EF1 /* Assets.xcassets in Resources */,
			);
			runOnlyForDeploymentPostprocessing = 0;
		};
/* End PBXResourcesBuildPhase section */

/* Begin PBXSourcesBuildPhase section */
		22DA6924287C605200E37EF1 /* Sources */ = {
			isa = PBXSourcesBuildPhase;
			buildActionMask = 2147483647;
			files = (
				22E37776289818BF0045D492 /* ActionsheetBootcamp.swift in Sources */,
				229B4D1A28955A0B003E7EA9 /* SheetsBootcamp.swift in Sources */,
				2228614328802B4800F6A15F /* StateBootcamp.swift in Sources */,
				22D1CF00287DAC2F003A900C /* GradientsBootcamp.swift in Sources */,
				22844CF8289AAA2100560E36 /* TextEditorBootcamp.swift in Sources */,
				222861472880309D00F6A15F /* ExtractSubviewBootcamp.swift in Sources */,
				22DA6940287C6F0E00E37EF1 /* ColorBootcamp.swift in Sources */,
				22429E02289BF34300D98615 /* DatePickerBootcamp.swift in Sources */,
				22F8B3B9287EDB5500283C4E /* ScrollViewBootcamp.swift in Sources */,
				22844CFC289AAD5700560E36 /* PickerStylesBootcamp.swift in Sources */,
				22E37778289821570045D492 /* ContextMenuBootcamp.swift in Sources */,
				22BB04E828996703003FAFDD /* TextFieldBootcamp.swift in Sources */,
				22D1CF06287DB859003A900C /* FrameBootcamp.swift in Sources */,
				22DA693E287C6BA300E37EF1 /* ShapesBootcamp.swift in Sources */,
				22F8B3B1287EC47D00283C4E /* PaddingAndSpacerBootcamp.swift in Sources */,
				22F8B3B5287ED5AA00283C4E /* InitializerBootcamp.swift in Sources */,
				22DA692E287C605200E37EF1 /* ContentView.swift in Sources */,
				2247754D288064B6002C7902 /* TernaryBootcamp.swift in Sources */,
				22E37774289814F70045D492 /* AlertBootcamp.swift in Sources */,
				2228613F288023E200F6A15F /* SafeAreaBootcamp.swift in Sources */,
				22DA693C287C66B200E37EF1 /* TextBootcamp.swift in Sources */,
				224A871628882FC60067990B /* AnimationTimingBootcamp.swift in Sources */,
				22F8B3B7287ED8A300283C4E /* ForEachBootcamp.swift in Sources */,
				222861412880288100F6A15F /* ButtonBootcamp.swift in Sources */,
				22DA692C287C605200E37EF1 /* SwiftfulThinkingBootcampApp.swift in Sources */,
				22D1CF04287DB1D9003A900C /* ImageBootcamp.swift in Sources */,
				22844CFA289AAC3200560E36 /* ToggleBootcamp.swift in Sources */,
				224816392881AF6300B1ED60 /* AnimationsBootcamp.swift in Sources */,
				229B4D1828955394003E7EA9 /* TransitionBootcamp.swift in Sources */,
				22F8B3AF287EBC3C00283C4E /* StacksBootcamp.swift in Sources */,
				22429E04289BF4C200D98615 /* StepperBootcamp.swift in Sources */,
				229B4D1C28956419003E7EA9 /* PopoverBootcamp.swift in Sources */,
				22429E00289BF21D00D98615 /* ColorPickerBootcamp.swift in Sources */,
				22F8B3B3287ED01700283C4E /* SpacerBootcamp.swift in Sources */,
				2247754928805EC3002C7902 /* BindingBootcamp.swift in Sources */,
				22429E06289BF6D000D98615 /* SliderBootcamp.swift in Sources */,
				2228613D28801BD900F6A15F /* GridBootcamp.swift in Sources */,
				22D1CF08287DBB02003A900C /* BackgroundAndOverlayBootcamp.swift in Sources */,
				229B4D1E28967107003E7EA9 /* NavigationViewBootcamp.swift in Sources */,
				2247754B2880624F002C7902 /* ConditionalBootcamp.swift in Sources */,
				22D1CF02287DAEF2003A900C /* IconsBootcamp.swift in Sources */,
				229B4D20289675E9003E7EA9 /* ListBootcamp.swift in Sources */,
				2228614528802E3100F6A15F /* ExtractedFunctionBootcamp.swift in Sources */,
			);
			runOnlyForDeploymentPostprocessing = 0;
		};
/* End PBXSourcesBuildPhase section */

/* Begin XCBuildConfiguration section */
		22DA6934287C605600E37EF1 /* Debug */ = {
			isa = XCBuildConfiguration;
			buildSettings = {
				ALWAYS_SEARCH_USER_PATHS = NO;
				CLANG_ANALYZER_NONNULL = YES;
				CLANG_ANALYZER_NUMBER_OBJECT_CONVERSION = YES_AGGRESSIVE;
				CLANG_CXX_LANGUAGE_STANDARD = "gnu++17";
				CLANG_ENABLE_MODULES = YES;
				CLANG_ENABLE_OBJC_ARC = YES;
				CLANG_ENABLE_OBJC_WEAK = YES;
				CLANG_WARN_BLOCK_CAPTURE_AUTORELEASING = YES;
				CLANG_WARN_BOOL_CONVERSION = YES;
				CLANG_WARN_COMMA = YES;
				CLANG_WARN_CONSTANT_CONVERSION = YES;
				CLANG_WARN_DEPRECATED_OBJC_IMPLEMENTATIONS = YES;
				CLANG_WARN_DIRECT_OBJC_ISA_USAGE = YES_ERROR;
				CLANG_WARN_DOCUMENTATION_COMMENTS = YES;
				CLANG_WARN_EMPTY_BODY = YES;
				CLANG_WARN_ENUM_CONVERSION = YES;
				CLANG_WARN_INFINITE_RECURSION = YES;
				CLANG_WARN_INT_CONVERSION = YES;
				CLANG_WARN_NON_LITERAL_NULL_CONVERSION = YES;
				CLANG_WARN_OBJC_IMPLICIT_RETAIN_SELF = YES;
				CLANG_WARN_OBJC_LITERAL_CONVERSION = YES;
				CLANG_WARN_OBJC_ROOT_CLASS = YES_ERROR;
				CLANG_WARN_QUOTED_INCLUDE_IN_FRAMEWORK_HEADER = YES;
				CLANG_WARN_RANGE_LOOP_ANALYSIS = YES;
				CLANG_WARN_STRICT_PROTOTYPES = YES;
				CLANG_WARN_SUSPICIOUS_MOVE = YES;
				CLANG_WARN_UNGUARDED_AVAILABILITY = YES_AGGRESSIVE;
				CLANG_WARN_UNREACHABLE_CODE = YES;
				CLANG_WARN__DUPLICATE_METHOD_MATCH = YES;
				COPY_PHASE_STRIP = NO;
				DEBUG_INFORMATION_FORMAT = dwarf;
				ENABLE_STRICT_OBJC_MSGSEND = YES;
				ENABLE_TESTABILITY = YES;
				GCC_C_LANGUAGE_STANDARD = gnu11;
				GCC_DYNAMIC_NO_PIC = NO;
				GCC_NO_COMMON_BLOCKS = YES;
				GCC_OPTIMIZATION_LEVEL = 0;
				GCC_PREPROCESSOR_DEFINITIONS = (
					"DEBUG=1",
					"$(inherited)",
				);
				GCC_WARN_64_TO_32_BIT_CONVERSION = YES;
				GCC_WARN_ABOUT_RETURN_TYPE = YES_ERROR;
				GCC_WARN_UNDECLARED_SELECTOR = YES;
				GCC_WARN_UNINITIALIZED_AUTOS = YES_AGGRESSIVE;
				GCC_WARN_UNUSED_FUNCTION = YES;
				GCC_WARN_UNUSED_VARIABLE = YES;
				IPHONEOS_DEPLOYMENT_TARGET = 15.5;
				MTL_ENABLE_DEBUG_INFO = INCLUDE_SOURCE;
				MTL_FAST_MATH = YES;
				ONLY_ACTIVE_ARCH = YES;
				SDKROOT = iphoneos;
				SWIFT_ACTIVE_COMPILATION_CONDITIONS = DEBUG;
				SWIFT_OPTIMIZATION_LEVEL = "-Onone";
			};
			name = Debug;
		};
		22DA6935287C605600E37EF1 /* Release */ = {
			isa = XCBuildConfiguration;
			buildSettings = {
				ALWAYS_SEARCH_USER_PATHS = NO;
				CLANG_ANALYZER_NONNULL = YES;
				CLANG_ANALYZER_NUMBER_OBJECT_CONVERSION = YES_AGGRESSIVE;
				CLANG_CXX_LANGUAGE_STANDARD = "gnu++17";
				CLANG_ENABLE_MODULES = YES;
				CLANG_ENABLE_OBJC_ARC = YES;
				CLANG_ENABLE_OBJC_WEAK = YES;
				CLANG_WARN_BLOCK_CAPTURE_AUTORELEASING = YES;
				CLANG_WARN_BOOL_CONVERSION = YES;
				CLANG_WARN_COMMA = YES;
				CLANG_WARN_CONSTANT_CONVERSION = YES;
				CLANG_WARN_DEPRECATED_OBJC_IMPLEMENTATIONS = YES;
				CLANG_WARN_DIRECT_OBJC_ISA_USAGE = YES_ERROR;
				CLANG_WARN_DOCUMENTATION_COMMENTS = YES;
				CLANG_WARN_EMPTY_BODY = YES;
				CLANG_WARN_ENUM_CONVERSION = YES;
				CLANG_WARN_INFINITE_RECURSION = YES;
				CLANG_WARN_INT_CONVERSION = YES;
				CLANG_WARN_NON_LITERAL_NULL_CONVERSION = YES;
				CLANG_WARN_OBJC_IMPLICIT_RETAIN_SELF = YES;
				CLANG_WARN_OBJC_LITERAL_CONVERSION = YES;
				CLANG_WARN_OBJC_ROOT_CLASS = YES_ERROR;
				CLANG_WARN_QUOTED_INCLUDE_IN_FRAMEWORK_HEADER = YES;
				CLANG_WARN_RANGE_LOOP_ANALYSIS = YES;
				CLANG_WARN_STRICT_PROTOTYPES = YES;
				CLANG_WARN_SUSPICIOUS_MOVE = YES;
				CLANG_WARN_UNGUARDED_AVAILABILITY = YES_AGGRESSIVE;
				CLANG_WARN_UNREACHABLE_CODE = YES;
				CLANG_WARN__DUPLICATE_METHOD_MATCH = YES;
				COPY_PHASE_STRIP = NO;
				DEBUG_INFORMATION_FORMAT = "dwarf-with-dsym";
				ENABLE_NS_ASSERTIONS = NO;
				ENABLE_STRICT_OBJC_MSGSEND = YES;
				GCC_C_LANGUAGE_STANDARD = gnu11;
				GCC_NO_COMMON_BLOCKS = YES;
				GCC_WARN_64_TO_32_BIT_CONVERSION = YES;
				GCC_WARN_ABOUT_RETURN_TYPE = YES_ERROR;
				GCC_WARN_UNDECLARED_SELECTOR = YES;
				GCC_WARN_UNINITIALIZED_AUTOS = YES_AGGRESSIVE;
				GCC_WARN_UNUSED_FUNCTION = YES;
				GCC_WARN_UNUSED_VARIABLE = YES;
				IPHONEOS_DEPLOYMENT_TARGET = 15.5;
				MTL_ENABLE_DEBUG_INFO = NO;
				MTL_FAST_MATH = YES;
				SDKROOT = iphoneos;
				SWIFT_COMPILATION_MODE = wholemodule;
				SWIFT_OPTIMIZATION_LEVEL = "-O";
				VALIDATE_PRODUCT = YES;
			};
			name = Release;
		};
		22DA6937287C605600E37EF1 /* Debug */ = {
			isa = XCBuildConfiguration;
			buildSettings = {
				ASSETCATALOG_COMPILER_APPICON_NAME = AppIcon;
				ASSETCATALOG_COMPILER_GLOBAL_ACCENT_COLOR_NAME = AccentColor;
				CODE_SIGN_STYLE = Automatic;
				CURRENT_PROJECT_VERSION = 1;
				DEVELOPMENT_ASSET_PATHS = "\"SwiftfulThinkingBootcamp/Preview Content\"";
				DEVELOPMENT_TEAM = 27FY64RUCC;
				ENABLE_PREVIEWS = YES;
				GENERATE_INFOPLIST_FILE = YES;
				INFOPLIST_KEY_UIApplicationSceneManifest_Generation = YES;
				INFOPLIST_KEY_UIApplicationSupportsIndirectInputEvents = YES;
				INFOPLIST_KEY_UILaunchScreen_Generation = YES;
				INFOPLIST_KEY_UISupportedInterfaceOrientations_iPad = "UIInterfaceOrientationPortrait UIInterfaceOrientationPortraitUpsideDown UIInterfaceOrientationLandscapeLeft UIInterfaceOrientationLandscapeRight";
				INFOPLIST_KEY_UISupportedInterfaceOrientations_iPhone = "UIInterfaceOrientationPortrait UIInterfaceOrientationLandscapeLeft UIInterfaceOrientationLandscapeRight";
				IPHONEOS_DEPLOYMENT_TARGET = 15.0;
				LD_RUNPATH_SEARCH_PATHS = (
					"$(inherited)",
					"@executable_path/Frameworks",
				);
				MARKETING_VERSION = 1.0;
				PRODUCT_BUNDLE_IDENTIFIER = com.sorawit.SwiftfulThinkingBootcamp;
				PRODUCT_NAME = "$(TARGET_NAME)";
				SWIFT_EMIT_LOC_STRINGS = YES;
				SWIFT_VERSION = 5.0;
				TARGETED_DEVICE_FAMILY = "1,2";
			};
			name = Debug;
		};
		22DA6938287C605600E37EF1 /* Release */ = {
			isa = XCBuildConfiguration;
			buildSettings = {
				ASSETCATALOG_COMPILER_APPICON_NAME = AppIcon;
				ASSETCATALOG_COMPILER_GLOBAL_ACCENT_COLOR_NAME = AccentColor;
				CODE_SIGN_STYLE = Automatic;
				CURRENT_PROJECT_VERSION = 1;
				DEVELOPMENT_ASSET_PATHS = "\"SwiftfulThinkingBootcamp/Preview Content\"";
				DEVELOPMENT_TEAM = 27FY64RUCC;
				ENABLE_PREVIEWS = YES;
				GENERATE_INFOPLIST_FILE = YES;
				INFOPLIST_KEY_UIApplicationSceneManifest_Generation = YES;
				INFOPLIST_KEY_UIApplicationSupportsIndirectInputEvents = YES;
				INFOPLIST_KEY_UILaunchScreen_Generation = YES;
				INFOPLIST_KEY_UISupportedInterfaceOrientations_iPad = "UIInterfaceOrientationPortrait UIInterfaceOrientationPortraitUpsideDown UIInterfaceOrientationLandscapeLeft UIInterfaceOrientationLandscapeRight";
				INFOPLIST_KEY_UISupportedInterfaceOrientations_iPhone = "UIInterfaceOrientationPortrait UIInterfaceOrientationLandscapeLeft UIInterfaceOrientationLandscapeRight";
				IPHONEOS_DEPLOYMENT_TARGET = 15.0;
				LD_RUNPATH_SEARCH_PATHS = (
					"$(inherited)",
					"@executable_path/Frameworks",
				);
				MARKETING_VERSION = 1.0;
				PRODUCT_BUNDLE_IDENTIFIER = com.sorawit.SwiftfulThinkingBootcamp;
				PRODUCT_NAME = "$(TARGET_NAME)";
				SWIFT_EMIT_LOC_STRINGS = YES;
				SWIFT_VERSION = 5.0;
				TARGETED_DEVICE_FAMILY = "1,2";
			};
			name = Release;
		};
/* End XCBuildConfiguration section */

/* Begin XCConfigurationList section */
		22DA6923287C605200E37EF1 /* Build configuration list for PBXProject "SwiftfulThinkingBootcamp" */ = {
			isa = XCConfigurationList;
			buildConfigurations = (
				22DA6934287C605600E37EF1 /* Debug */,
				22DA6935287C605600E37EF1 /* Release */,
			);
			defaultConfigurationIsVisible = 0;
			defaultConfigurationName = Release;
		};
		22DA6936287C605600E37EF1 /* Build configuration list for PBXNativeTarget "SwiftfulThinkingBootcamp" */ = {
			isa = XCConfigurationList;
			buildConfigurations = (
				22DA6937287C605600E37EF1 /* Debug */,
				22DA6938287C605600E37EF1 /* Release */,
			);
			defaultConfigurationIsVisible = 0;
			defaultConfigurationName = Release;
		};
/* End XCConfigurationList section */
	};
	rootObject = 22DA6920287C605200E37EF1 /* Project object */;
}
